// !$*UTF8*$!
{
	archiveVersion = 1;
	classes = {
	};
	objectVersion = 46;
	objects = {

/* Begin PBXBuildFile section */
		44D7F417F68E6CCD53465EA6 /* Pods_Muse_EEG_AnalysisTests.framework in Frameworks */ = {isa = PBXBuildFile; fileRef = ACBA4BB25779F2E9E935FE9B /* Pods_Muse_EEG_AnalysisTests.framework */; };
		621A8A871E9AC7F8007D0A12 /* Foundation.framework in Frameworks */ = {isa = PBXBuildFile; fileRef = 621A8A861E9AC7F8007D0A12 /* Foundation.framework */; };
		621A8A891E9AC7F8007D0A12 /* CoreGraphics.framework in Frameworks */ = {isa = PBXBuildFile; fileRef = 621A8A881E9AC7F8007D0A12 /* CoreGraphics.framework */; };
		621A8A8B1E9AC7F8007D0A12 /* UIKit.framework in Frameworks */ = {isa = PBXBuildFile; fileRef = 621A8A8A1E9AC7F8007D0A12 /* UIKit.framework */; };
		621A8A911E9AC7F8007D0A12 /* InfoPlist.strings in Resources */ = {isa = PBXBuildFile; fileRef = 621A8A8F1E9AC7F8007D0A12 /* InfoPlist.strings */; };
		621A8A931E9AC7F8007D0A12 /* main.m in Sources */ = {isa = PBXBuildFile; fileRef = 621A8A921E9AC7F8007D0A12 /* main.m */; };
		621A8A971E9AC7F8007D0A12 /* AppDelegate.m in Sources */ = {isa = PBXBuildFile; fileRef = 621A8A961E9AC7F8007D0A12 /* AppDelegate.m */; };
		621A8A9A1E9AC7F8007D0A12 /* Main_iPhone.storyboard in Resources */ = {isa = PBXBuildFile; fileRef = 621A8A981E9AC7F8007D0A12 /* Main_iPhone.storyboard */; };
		621A8A9D1E9AC7F8007D0A12 /* Main_iPad.storyboard in Resources */ = {isa = PBXBuildFile; fileRef = 621A8A9B1E9AC7F8007D0A12 /* Main_iPad.storyboard */; };
		621A8AA01E9AC7F8007D0A12 /* ViewController.m in Sources */ = {isa = PBXBuildFile; fileRef = 621A8A9F1E9AC7F8007D0A12 /* ViewController.m */; };
		621A8AA21E9AC7F8007D0A12 /* Images.xcassets in Resources */ = {isa = PBXBuildFile; fileRef = 621A8AA11E9AC7F8007D0A12 /* Images.xcassets */; };
		621A8AA91E9AC7F8007D0A12 /* XCTest.framework in Frameworks */ = {isa = PBXBuildFile; fileRef = 621A8AA81E9AC7F8007D0A12 /* XCTest.framework */; };
		621A8AAA1E9AC7F8007D0A12 /* Foundation.framework in Frameworks */ = {isa = PBXBuildFile; fileRef = 621A8A861E9AC7F8007D0A12 /* Foundation.framework */; };
		621A8AAB1E9AC7F8007D0A12 /* UIKit.framework in Frameworks */ = {isa = PBXBuildFile; fileRef = 621A8A8A1E9AC7F8007D0A12 /* UIKit.framework */; };
		6284915D1E9ADAD100E0CC93 /* ResultsViewController.m in Sources */ = {isa = PBXBuildFile; fileRef = 6284915C1E9ADAD100E0CC93 /* ResultsViewController.m */; };
		628491601E9ADC2100E0CC93 /* GatherDataViewController.m in Sources */ = {isa = PBXBuildFile; fileRef = 6284915F1E9ADC2100E0CC93 /* GatherDataViewController.m */; };
		675CC95E2C36C14EBB7B208E /* Pods_Muse_EEG_Analysis.framework in Frameworks */ = {isa = PBXBuildFile; fileRef = C6F61DF4070712BEE450EAFE /* Pods_Muse_EEG_Analysis.framework */; };
/* End PBXBuildFile section */

/* Begin PBXContainerItemProxy section */
		621A8AAC1E9AC7F8007D0A12 /* PBXContainerItemProxy */ = {
			isa = PBXContainerItemProxy;
			containerPortal = 621A8A7B1E9AC7F8007D0A12 /* Project object */;
			proxyType = 1;
			remoteGlobalIDString = 621A8A821E9AC7F8007D0A12;
			remoteInfo = "Muse EEG Analysis";
		};
/* End PBXContainerItemProxy section */

/* Begin PBXFileReference section */
		418C2B98C18A139BA85910D2 /* Pods-Muse EEG Analysis.debug.xcconfig */ = {isa = PBXFileReference; includeInIndex = 1; lastKnownFileType = text.xcconfig; name = "Pods-Muse EEG Analysis.debug.xcconfig"; path = "Pods/Target Support Files/Pods-Muse EEG Analysis/Pods-Muse EEG Analysis.debug.xcconfig"; sourceTree = "<group>"; };
		5E274FA38EAEC4829EDE9D5A /* Pods-Muse EEG AnalysisTests.debug.xcconfig */ = {isa = PBXFileReference; includeInIndex = 1; lastKnownFileType = text.xcconfig; name = "Pods-Muse EEG AnalysisTests.debug.xcconfig"; path = "Pods/Target Support Files/Pods-Muse EEG AnalysisTests/Pods-Muse EEG AnalysisTests.debug.xcconfig"; sourceTree = "<group>"; };
		621A8A831E9AC7F8007D0A12 /* Muse EEG Analysis.app */ = {isa = PBXFileReference; explicitFileType = wrapper.application; includeInIndex = 0; path = "Muse EEG Analysis.app"; sourceTree = BUILT_PRODUCTS_DIR; };
		621A8A861E9AC7F8007D0A12 /* Foundation.framework */ = {isa = PBXFileReference; lastKnownFileType = wrapper.framework; name = Foundation.framework; path = System/Library/Frameworks/Foundation.framework; sourceTree = SDKROOT; };
		621A8A881E9AC7F8007D0A12 /* CoreGraphics.framework */ = {isa = PBXFileReference; lastKnownFileType = wrapper.framework; name = CoreGraphics.framework; path = System/Library/Frameworks/CoreGraphics.framework; sourceTree = SDKROOT; };
		621A8A8A1E9AC7F8007D0A12 /* UIKit.framework */ = {isa = PBXFileReference; lastKnownFileType = wrapper.framework; name = UIKit.framework; path = System/Library/Frameworks/UIKit.framework; sourceTree = SDKROOT; };
		621A8A8E1E9AC7F8007D0A12 /* Muse EEG Analysis-Info.plist */ = {isa = PBXFileReference; lastKnownFileType = text.plist.xml; path = "Muse EEG Analysis-Info.plist"; sourceTree = "<group>"; };
		621A8A901E9AC7F8007D0A12 /* en */ = {isa = PBXFileReference; lastKnownFileType = text.plist.strings; name = en; path = en.lproj/InfoPlist.strings; sourceTree = "<group>"; };
		621A8A921E9AC7F8007D0A12 /* main.m */ = {isa = PBXFileReference; lastKnownFileType = sourcecode.c.objc; path = main.m; sourceTree = "<group>"; };
		621A8A941E9AC7F8007D0A12 /* Muse EEG Analysis-Prefix.pch */ = {isa = PBXFileReference; lastKnownFileType = sourcecode.c.h; path = "Muse EEG Analysis-Prefix.pch"; sourceTree = "<group>"; };
		621A8A951E9AC7F8007D0A12 /* AppDelegate.h */ = {isa = PBXFileReference; lastKnownFileType = sourcecode.c.h; path = AppDelegate.h; sourceTree = "<group>"; };
		621A8A961E9AC7F8007D0A12 /* AppDelegate.m */ = {isa = PBXFileReference; lastKnownFileType = sourcecode.c.objc; path = AppDelegate.m; sourceTree = "<group>"; };
		621A8A991E9AC7F8007D0A12 /* Base */ = {isa = PBXFileReference; lastKnownFileType = file.storyboard; name = Base; path = Base.lproj/Main_iPhone.storyboard; sourceTree = "<group>"; };
		621A8A9C1E9AC7F8007D0A12 /* Base */ = {isa = PBXFileReference; lastKnownFileType = file.storyboard; name = Base; path = Base.lproj/Main_iPad.storyboard; sourceTree = "<group>"; };
		621A8A9E1E9AC7F8007D0A12 /* ViewController.h */ = {isa = PBXFileReference; lastKnownFileType = sourcecode.c.h; path = ViewController.h; sourceTree = "<group>"; };
		621A8A9F1E9AC7F8007D0A12 /* ViewController.m */ = {isa = PBXFileReference; lastKnownFileType = sourcecode.c.objc; path = ViewController.m; sourceTree = "<group>"; };
		621A8AA11E9AC7F8007D0A12 /* Images.xcassets */ = {isa = PBXFileReference; lastKnownFileType = folder.assetcatalog; path = Images.xcassets; sourceTree = "<group>"; };
		621A8AA71E9AC7F8007D0A12 /* Muse EEG AnalysisTests.xctest */ = {isa = PBXFileReference; explicitFileType = wrapper.cfbundle; includeInIndex = 0; path = "Muse EEG AnalysisTests.xctest"; sourceTree = BUILT_PRODUCTS_DIR; };
		621A8AA81E9AC7F8007D0A12 /* XCTest.framework */ = {isa = PBXFileReference; lastKnownFileType = wrapper.framework; name = XCTest.framework; path = Library/Frameworks/XCTest.framework; sourceTree = DEVELOPER_DIR; };
		6284915B1E9ADAD100E0CC93 /* ResultsViewController.h */ = {isa = PBXFileReference; fileEncoding = 4; lastKnownFileType = sourcecode.c.h; name = ResultsViewController.h; path = ../ResultsViewController.h; sourceTree = "<group>"; };
		6284915C1E9ADAD100E0CC93 /* ResultsViewController.m */ = {isa = PBXFileReference; fileEncoding = 4; lastKnownFileType = sourcecode.c.objc; name = ResultsViewController.m; path = ../ResultsViewController.m; sourceTree = "<group>"; };
		6284915E1E9ADC2100E0CC93 /* GatherDataViewController.h */ = {isa = PBXFileReference; fileEncoding = 4; lastKnownFileType = sourcecode.c.h; path = GatherDataViewController.h; sourceTree = "<group>"; };
		6284915F1E9ADC2100E0CC93 /* GatherDataViewController.m */ = {isa = PBXFileReference; fileEncoding = 4; lastKnownFileType = sourcecode.c.objc; path = GatherDataViewController.m; sourceTree = "<group>"; };
		684EC1AE413B89D92D341753 /* Pods-Muse EEG Analysis.release.xcconfig */ = {isa = PBXFileReference; includeInIndex = 1; lastKnownFileType = text.xcconfig; name = "Pods-Muse EEG Analysis.release.xcconfig"; path = "Pods/Target Support Files/Pods-Muse EEG Analysis/Pods-Muse EEG Analysis.release.xcconfig"; sourceTree = "<group>"; };
		9752834625BBB8B9D3D5C220 /* Pods-Muse EEG AnalysisTests.release.xcconfig */ = {isa = PBXFileReference; includeInIndex = 1; lastKnownFileType = text.xcconfig; name = "Pods-Muse EEG AnalysisTests.release.xcconfig"; path = "Pods/Target Support Files/Pods-Muse EEG AnalysisTests/Pods-Muse EEG AnalysisTests.release.xcconfig"; sourceTree = "<group>"; };
		ACBA4BB25779F2E9E935FE9B /* Pods_Muse_EEG_AnalysisTests.framework */ = {isa = PBXFileReference; explicitFileType = wrapper.framework; includeInIndex = 0; path = Pods_Muse_EEG_AnalysisTests.framework; sourceTree = BUILT_PRODUCTS_DIR; };
		C6F61DF4070712BEE450EAFE /* Pods_Muse_EEG_Analysis.framework */ = {isa = PBXFileReference; explicitFileType = wrapper.framework; includeInIndex = 0; path = Pods_Muse_EEG_Analysis.framework; sourceTree = BUILT_PRODUCTS_DIR; };
/* End PBXFileReference section */

/* Begin PBXFrameworksBuildPhase section */
		621A8A801E9AC7F8007D0A12 /* Frameworks */ = {
			isa = PBXFrameworksBuildPhase;
			buildActionMask = 2147483647;
			files = (
				621A8A891E9AC7F8007D0A12 /* CoreGraphics.framework in Frameworks */,
				621A8A8B1E9AC7F8007D0A12 /* UIKit.framework in Frameworks */,
				621A8A871E9AC7F8007D0A12 /* Foundation.framework in Frameworks */,
				675CC95E2C36C14EBB7B208E /* Pods_Muse_EEG_Analysis.framework in Frameworks */,
			);
			runOnlyForDeploymentPostprocessing = 0;
		};
		621A8AA41E9AC7F8007D0A12 /* Frameworks */ = {
			isa = PBXFrameworksBuildPhase;
			buildActionMask = 2147483647;
			files = (
				621A8AA91E9AC7F8007D0A12 /* XCTest.framework in Frameworks */,
				621A8AAB1E9AC7F8007D0A12 /* UIKit.framework in Frameworks */,
				621A8AAA1E9AC7F8007D0A12 /* Foundation.framework in Frameworks */,
				44D7F417F68E6CCD53465EA6 /* Pods_Muse_EEG_AnalysisTests.framework in Frameworks */,
			);
			runOnlyForDeploymentPostprocessing = 0;
		};
/* End PBXFrameworksBuildPhase section */

/* Begin PBXGroup section */
		22209FE661E7A017057067D5 /* Pods */ = {
			isa = PBXGroup;
			children = (
				418C2B98C18A139BA85910D2 /* Pods-Muse EEG Analysis.debug.xcconfig */,
				684EC1AE413B89D92D341753 /* Pods-Muse EEG Analysis.release.xcconfig */,
				5E274FA38EAEC4829EDE9D5A /* Pods-Muse EEG AnalysisTests.debug.xcconfig */,
				9752834625BBB8B9D3D5C220 /* Pods-Muse EEG AnalysisTests.release.xcconfig */,
			);
			name = Pods;
			sourceTree = "<group>";
		};
		621A8A7A1E9AC7F8007D0A12 = {
			isa = PBXGroup;
			children = (
				621A8A8C1E9AC7F8007D0A12 /* Muse EEG Analysis */,
				621A8A851E9AC7F8007D0A12 /* Frameworks */,
				621A8A841E9AC7F8007D0A12 /* Products */,
				22209FE661E7A017057067D5 /* Pods */,
			);
			sourceTree = "<group>";
		};
		621A8A841E9AC7F8007D0A12 /* Products */ = {
			isa = PBXGroup;
			children = (
				621A8A831E9AC7F8007D0A12 /* Muse EEG Analysis.app */,
				621A8AA71E9AC7F8007D0A12 /* Muse EEG AnalysisTests.xctest */,
			);
			name = Products;
			sourceTree = "<group>";
		};
		621A8A851E9AC7F8007D0A12 /* Frameworks */ = {
			isa = PBXGroup;
			children = (
				621A8A861E9AC7F8007D0A12 /* Foundation.framework */,
				621A8A881E9AC7F8007D0A12 /* CoreGraphics.framework */,
				621A8A8A1E9AC7F8007D0A12 /* UIKit.framework */,
				621A8AA81E9AC7F8007D0A12 /* XCTest.framework */,
				C6F61DF4070712BEE450EAFE /* Pods_Muse_EEG_Analysis.framework */,
				ACBA4BB25779F2E9E935FE9B /* Pods_Muse_EEG_AnalysisTests.framework */,
			);
			name = Frameworks;
			sourceTree = "<group>";
		};
		621A8A8C1E9AC7F8007D0A12 /* Muse EEG Analysis */ = {
			isa = PBXGroup;
			children = (
				6284915B1E9ADAD100E0CC93 /* ResultsViewController.h */,
				6284915C1E9ADAD100E0CC93 /* ResultsViewController.m */,
				621A8A951E9AC7F8007D0A12 /* AppDelegate.h */,
				621A8A961E9AC7F8007D0A12 /* AppDelegate.m */,
				621A8A981E9AC7F8007D0A12 /* Main_iPhone.storyboard */,
				6284915E1E9ADC2100E0CC93 /* GatherDataViewController.h */,
				6284915F1E9ADC2100E0CC93 /* GatherDataViewController.m */,
				621A8A9B1E9AC7F8007D0A12 /* Main_iPad.storyboard */,
				621A8A9E1E9AC7F8007D0A12 /* ViewController.h */,
				621A8A9F1E9AC7F8007D0A12 /* ViewController.m */,
				621A8AA11E9AC7F8007D0A12 /* Images.xcassets */,
				621A8A8D1E9AC7F8007D0A12 /* Supporting Files */,
			);
			path = "Muse EEG Analysis";
			sourceTree = "<group>";
		};
		621A8A8D1E9AC7F8007D0A12 /* Supporting Files */ = {
			isa = PBXGroup;
			children = (
				621A8A8E1E9AC7F8007D0A12 /* Muse EEG Analysis-Info.plist */,
				621A8A8F1E9AC7F8007D0A12 /* InfoPlist.strings */,
				621A8A921E9AC7F8007D0A12 /* main.m */,
				621A8A941E9AC7F8007D0A12 /* Muse EEG Analysis-Prefix.pch */,
			);
			name = "Supporting Files";
			sourceTree = "<group>";
		};
/* End PBXGroup section */

/* Begin PBXNativeTarget section */
		621A8A821E9AC7F8007D0A12 /* Muse EEG Analysis */ = {
			isa = PBXNativeTarget;
			buildConfigurationList = 621A8AB81E9AC7F8007D0A12 /* Build configuration list for PBXNativeTarget "Muse EEG Analysis" */;
			buildPhases = (
				9AA6B4EC1250A1C9297E713D /* [CP] Check Pods Manifest.lock */,
				621A8A7F1E9AC7F8007D0A12 /* Sources */,
				621A8A801E9AC7F8007D0A12 /* Frameworks */,
				621A8A811E9AC7F8007D0A12 /* Resources */,
				32016CABFA4B1FE8384D9BF5 /* [CP] Embed Pods Frameworks */,
				3293203DDAC4E19F2E4F374B /* [CP] Copy Pods Resources */,
			);
			buildRules = (
			);
			dependencies = (
			);
			name = "Muse EEG Analysis";
			productName = "Muse EEG Analysis";
			productReference = 621A8A831E9AC7F8007D0A12 /* Muse EEG Analysis.app */;
			productType = "com.apple.product-type.application";
		};
		621A8AA61E9AC7F8007D0A12 /* Muse EEG AnalysisTests */ = {
			isa = PBXNativeTarget;
			buildConfigurationList = 621A8ABB1E9AC7F8007D0A12 /* Build configuration list for PBXNativeTarget "Muse EEG AnalysisTests" */;
			buildPhases = (
				6288571D75E34F390E2DB058 /* [CP] Check Pods Manifest.lock */,
				621A8AA31E9AC7F8007D0A12 /* Sources */,
				621A8AA41E9AC7F8007D0A12 /* Frameworks */,
				621A8AA51E9AC7F8007D0A12 /* Resources */,
				97DAADD81B5BA48BE21A7A4C /* [CP] Embed Pods Frameworks */,
				3A9E7F3FF43EAC4229439FC8 /* [CP] Copy Pods Resources */,
			);
			buildRules = (
			);
			dependencies = (
				621A8AAD1E9AC7F8007D0A12 /* PBXTargetDependency */,
			);
			name = "Muse EEG AnalysisTests";
			productName = "Muse EEG AnalysisTests";
			productReference = 621A8AA71E9AC7F8007D0A12 /* Muse EEG AnalysisTests.xctest */;
			productType = "com.apple.product-type.bundle.unit-test";
		};
/* End PBXNativeTarget section */

/* Begin PBXProject section */
		621A8A7B1E9AC7F8007D0A12 /* Project object */ = {
			isa = PBXProject;
			attributes = {
				LastUpgradeCheck = 0510;
				ORGANIZATIONNAME = "Internet of Things: Group 5";
				TargetAttributes = {
					621A8AA61E9AC7F8007D0A12 = {
						TestTargetID = 621A8A821E9AC7F8007D0A12;
					};
				};
			};
			buildConfigurationList = 621A8A7E1E9AC7F8007D0A12 /* Build configuration list for PBXProject "Muse EEG Analysis" */;
			compatibilityVersion = "Xcode 3.2";
			developmentRegion = English;
			hasScannedForEncodings = 0;
			knownRegions = (
				en,
				Base,
			);
			mainGroup = 621A8A7A1E9AC7F8007D0A12;
			productRefGroup = 621A8A841E9AC7F8007D0A12 /* Products */;
			projectDirPath = "";
			projectRoot = "";
			targets = (
				621A8A821E9AC7F8007D0A12 /* Muse EEG Analysis */,
				621A8AA61E9AC7F8007D0A12 /* Muse EEG AnalysisTests */,
			);
		};
/* End PBXProject section */

/* Begin PBXResourcesBuildPhase section */
		621A8A811E9AC7F8007D0A12 /* Resources */ = {
			isa = PBXResourcesBuildPhase;
			buildActionMask = 2147483647;
			files = (
				621A8A9D1E9AC7F8007D0A12 /* Main_iPad.storyboard in Resources */,
				621A8AA21E9AC7F8007D0A12 /* Images.xcassets in Resources */,
				621A8A9A1E9AC7F8007D0A12 /* Main_iPhone.storyboard in Resources */,
				621A8A911E9AC7F8007D0A12 /* InfoPlist.strings in Resources */,
			);
			runOnlyForDeploymentPostprocessing = 0;
		};
		621A8AA51E9AC7F8007D0A12 /* Resources */ = {
			isa = PBXResourcesBuildPhase;
			buildActionMask = 2147483647;
			files = (
			);
			runOnlyForDeploymentPostprocessing = 0;
		};
/* End PBXResourcesBuildPhase section */

/* Begin PBXShellScriptBuildPhase section */
		32016CABFA4B1FE8384D9BF5 /* [CP] Embed Pods Frameworks */ = {
			isa = PBXShellScriptBuildPhase;
			buildActionMask = 2147483647;
			files = (
			);
			inputPaths = (
			);
			name = "[CP] Embed Pods Frameworks";
			outputPaths = (
			);
			runOnlyForDeploymentPostprocessing = 0;
			shellPath = /bin/sh;
			shellScript = "\"${SRCROOT}/Pods/Target Support Files/Pods-Muse EEG Analysis/Pods-Muse EEG Analysis-frameworks.sh\"\n";
			showEnvVarsInLog = 0;
		};
		3293203DDAC4E19F2E4F374B /* [CP] Copy Pods Resources */ = {
			isa = PBXShellScriptBuildPhase;
			buildActionMask = 2147483647;
			files = (
			);
			inputPaths = (
			);
			name = "[CP] Copy Pods Resources";
			outputPaths = (
			);
			runOnlyForDeploymentPostprocessing = 0;
			shellPath = /bin/sh;
			shellScript = "\"${SRCROOT}/Pods/Target Support Files/Pods-Muse EEG Analysis/Pods-Muse EEG Analysis-resources.sh\"\n";
			showEnvVarsInLog = 0;
		};
		3A9E7F3FF43EAC4229439FC8 /* [CP] Copy Pods Resources */ = {
			isa = PBXShellScriptBuildPhase;
			buildActionMask = 2147483647;
			files = (
			);
			inputPaths = (
			);
			name = "[CP] Copy Pods Resources";
			outputPaths = (
			);
			runOnlyForDeploymentPostprocessing = 0;
			shellPath = /bin/sh;
			shellScript = "\"${SRCROOT}/Pods/Target Support Files/Pods-Muse EEG AnalysisTests/Pods-Muse EEG AnalysisTests-resources.sh\"\n";
			showEnvVarsInLog = 0;
		};
		6288571D75E34F390E2DB058 /* [CP] Check Pods Manifest.lock */ = {
			isa = PBXShellScriptBuildPhase;
			buildActionMask = 2147483647;
			files = (
			);
			inputPaths = (
			);
			name = "[CP] Check Pods Manifest.lock";
			outputPaths = (
			);
			runOnlyForDeploymentPostprocessing = 0;
			shellPath = /bin/sh;
			shellScript = "diff \"${PODS_PODFILE_DIR_PATH}/Podfile.lock\" \"${PODS_ROOT}/Manifest.lock\" > /dev/null\nif [ $? != 0 ] ; then\n    # print error to STDERR\n    echo \"error: The sandbox is not in sync with the Podfile.lock. Run 'pod install' or update your CocoaPods installation.\" >&2\n    exit 1\nfi\n";
			showEnvVarsInLog = 0;
		};
		97DAADD81B5BA48BE21A7A4C /* [CP] Embed Pods Frameworks */ = {
			isa = PBXShellScriptBuildPhase;
			buildActionMask = 2147483647;
			files = (
			);
			inputPaths = (
			);
			name = "[CP] Embed Pods Frameworks";
			outputPaths = (
			);
			runOnlyForDeploymentPostprocessing = 0;
			shellPath = /bin/sh;
			shellScript = "\"${SRCROOT}/Pods/Target Support Files/Pods-Muse EEG AnalysisTests/Pods-Muse EEG AnalysisTests-frameworks.sh\"\n";
			showEnvVarsInLog = 0;
		};
		9AA6B4EC1250A1C9297E713D /* [CP] Check Pods Manifest.lock */ = {
			isa = PBXShellScriptBuildPhase;
			buildActionMask = 2147483647;
			files = (
			);
			inputPaths = (
			);
			name = "[CP] Check Pods Manifest.lock";
			outputPaths = (
			);
			runOnlyForDeploymentPostprocessing = 0;
			shellPath = /bin/sh;
			shellScript = "diff \"${PODS_PODFILE_DIR_PATH}/Podfile.lock\" \"${PODS_ROOT}/Manifest.lock\" > /dev/null\nif [ $? != 0 ] ; then\n    # print error to STDERR\n    echo \"error: The sandbox is not in sync with the Podfile.lock. Run 'pod install' or update your CocoaPods installation.\" >&2\n    exit 1\nfi\n";
			showEnvVarsInLog = 0;
		};
/* End PBXShellScriptBuildPhase section */

/* Begin PBXSourcesBuildPhase section */
		621A8A7F1E9AC7F8007D0A12 /* Sources */ = {
			isa = PBXSourcesBuildPhase;
			buildActionMask = 2147483647;
			files = (
				621A8AA01E9AC7F8007D0A12 /* ViewController.m in Sources */,
				628491601E9ADC2100E0CC93 /* GatherDataViewController.m in Sources */,
				621A8A971E9AC7F8007D0A12 /* AppDelegate.m in Sources */,
				621A8A931E9AC7F8007D0A12 /* main.m in Sources */,
				6284915D1E9ADAD100E0CC93 /* ResultsViewController.m in Sources */,
			);
			runOnlyForDeploymentPostprocessing = 0;
		};
		621A8AA31E9AC7F8007D0A12 /* Sources */ = {
			isa = PBXSourcesBuildPhase;
			buildActionMask = 2147483647;
			files = (
			);
			runOnlyForDeploymentPostprocessing = 0;
		};
/* End PBXSourcesBuildPhase section */

/* Begin PBXTargetDependency section */
		621A8AAD1E9AC7F8007D0A12 /* PBXTargetDependency */ = {
			isa = PBXTargetDependency;
			target = 621A8A821E9AC7F8007D0A12 /* Muse EEG Analysis */;
			targetProxy = 621A8AAC1E9AC7F8007D0A12 /* PBXContainerItemProxy */;
		};
/* End PBXTargetDependency section */

/* Begin PBXVariantGroup section */
		621A8A8F1E9AC7F8007D0A12 /* InfoPlist.strings */ = {
			isa = PBXVariantGroup;
			children = (
				621A8A901E9AC7F8007D0A12 /* en */,
			);
			name = InfoPlist.strings;
			sourceTree = "<group>";
		};
		621A8A981E9AC7F8007D0A12 /* Main_iPhone.storyboard */ = {
			isa = PBXVariantGroup;
			children = (
				621A8A991E9AC7F8007D0A12 /* Base */,
			);
			name = Main_iPhone.storyboard;
			sourceTree = "<group>";
		};
		621A8A9B1E9AC7F8007D0A12 /* Main_iPad.storyboard */ = {
			isa = PBXVariantGroup;
			children = (
				621A8A9C1E9AC7F8007D0A12 /* Base */,
			);
			name = Main_iPad.storyboard;
			sourceTree = "<group>";
		};
/* End PBXVariantGroup section */

/* Begin XCBuildConfiguration section */
		621A8AB61E9AC7F8007D0A12 /* Debug */ = {
			isa = XCBuildConfiguration;
			buildSettings = {
				ALWAYS_SEARCH_USER_PATHS = NO;
				CLANG_CXX_LANGUAGE_STANDARD = "gnu++0x";
				CLANG_CXX_LIBRARY = "libc++";
				CLANG_ENABLE_MODULES = YES;
				CLANG_ENABLE_OBJC_ARC = YES;
				CLANG_WARN_BOOL_CONVERSION = YES;
				CLANG_WARN_CONSTANT_CONVERSION = YES;
				CLANG_WARN_DIRECT_OBJC_ISA_USAGE = YES_ERROR;
				CLANG_WARN_EMPTY_BODY = YES;
				CLANG_WARN_ENUM_CONVERSION = YES;
				CLANG_WARN_INT_CONVERSION = YES;
				CLANG_WARN_OBJC_ROOT_CLASS = YES_ERROR;
				CLANG_WARN__DUPLICATE_METHOD_MATCH = YES;
				"CODE_SIGN_IDENTITY[sdk=iphoneos*]" = "iPhone Developer";
				COPY_PHASE_STRIP = NO;
				GCC_C_LANGUAGE_STANDARD = gnu99;
				GCC_DYNAMIC_NO_PIC = NO;
				GCC_OPTIMIZATION_LEVEL = 0;
				GCC_PREPROCESSOR_DEFINITIONS = (
					"DEBUG=1",
					"$(inherited)",
				);
				GCC_SYMBOLS_PRIVATE_EXTERN = NO;
				GCC_WARN_64_TO_32_BIT_CONVERSION = YES;
				GCC_WARN_ABOUT_RETURN_TYPE = YES_ERROR;
				GCC_WARN_UNDECLARED_SELECTOR = YES;
				GCC_WARN_UNINITIALIZED_AUTOS = YES_AGGRESSIVE;
				GCC_WARN_UNUSED_FUNCTION = YES;
				GCC_WARN_UNUSED_VARIABLE = YES;
				IPHONEOS_DEPLOYMENT_TARGET = 7.1;
				ONLY_ACTIVE_ARCH = YES;
				SDKROOT = iphoneos;
				TARGETED_DEVICE_FAMILY = "1,2";
			};
			name = Debug;
		};
		621A8AB71E9AC7F8007D0A12 /* Release */ = {
			isa = XCBuildConfiguration;
			buildSettings = {
				ALWAYS_SEARCH_USER_PATHS = NO;
				CLANG_CXX_LANGUAGE_STANDARD = "gnu++0x";
				CLANG_CXX_LIBRARY = "libc++";
				CLANG_ENABLE_MODULES = YES;
				CLANG_ENABLE_OBJC_ARC = YES;
				CLANG_WARN_BOOL_CONVERSION = YES;
				CLANG_WARN_CONSTANT_CONVERSION = YES;
				CLANG_WARN_DIRECT_OBJC_ISA_USAGE = YES_ERROR;
				CLANG_WARN_EMPTY_BODY = YES;
				CLANG_WARN_ENUM_CONVERSION = YES;
				CLANG_WARN_INT_CONVERSION = YES;
				CLANG_WARN_OBJC_ROOT_CLASS = YES_ERROR;
				CLANG_WARN__DUPLICATE_METHOD_MATCH = YES;
				"CODE_SIGN_IDENTITY[sdk=iphoneos*]" = "iPhone Developer";
				COPY_PHASE_STRIP = YES;
				ENABLE_NS_ASSERTIONS = NO;
				GCC_C_LANGUAGE_STANDARD = gnu99;
				GCC_WARN_64_TO_32_BIT_CONVERSION = YES;
				GCC_WARN_ABOUT_RETURN_TYPE = YES_ERROR;
				GCC_WARN_UNDECLARED_SELECTOR = YES;
				GCC_WARN_UNINITIALIZED_AUTOS = YES_AGGRESSIVE;
				GCC_WARN_UNUSED_FUNCTION = YES;
				GCC_WARN_UNUSED_VARIABLE = YES;
				IPHONEOS_DEPLOYMENT_TARGET = 7.1;
				SDKROOT = iphoneos;
				TARGETED_DEVICE_FAMILY = "1,2";
				VALIDATE_PRODUCT = YES;
			};
			name = Release;
		};
		621A8AB91E9AC7F8007D0A12 /* Debug */ = {
			isa = XCBuildConfiguration;
			baseConfigurationReference = 418C2B98C18A139BA85910D2 /* Pods-Muse EEG Analysis.debug.xcconfig */;
			buildSettings = {
				ASSETCATALOG_COMPILER_APPICON_NAME = AppIcon;
				ASSETCATALOG_COMPILER_LAUNCHIMAGE_NAME = LaunchImage;
				GCC_PRECOMPILE_PREFIX_HEADER = YES;
				GCC_PREFIX_HEADER = "Muse EEG Analysis/Muse EEG Analysis-Prefix.pch";
				INFOPLIST_FILE = "Muse EEG Analysis/Muse EEG Analysis-Info.plist";
				PRODUCT_NAME = "$(TARGET_NAME)";
				WRAPPER_EXTENSION = app;
			};
			name = Debug;
		};
		621A8ABA1E9AC7F8007D0A12 /* Release */ = {
			isa = XCBuildConfiguration;
			baseConfigurationReference = 684EC1AE413B89D92D341753 /* Pods-Muse EEG Analysis.release.xcconfig */;
			buildSettings = {
				ASSETCATALOG_COMPILER_APPICON_NAME = AppIcon;
				ASSETCATALOG_COMPILER_LAUNCHIMAGE_NAME = LaunchImage;
				GCC_PRECOMPILE_PREFIX_HEADER = YES;
				GCC_PREFIX_HEADER = "Muse EEG Analysis/Muse EEG Analysis-Prefix.pch";
				INFOPLIST_FILE = "Muse EEG Analysis/Muse EEG Analysis-Info.plist";
				PRODUCT_NAME = "$(TARGET_NAME)";
				WRAPPER_EXTENSION = app;
			};
			name = Release;
		};
		621A8ABC1E9AC7F8007D0A12 /* Debug */ = {
			isa = XCBuildConfiguration;
			baseConfigurationReference = 5E274FA38EAEC4829EDE9D5A /* Pods-Muse EEG AnalysisTests.debug.xcconfig */;
			buildSettings = {
				BUNDLE_LOADER = "$(BUILT_PRODUCTS_DIR)/Muse EEG Analysis.app/Muse EEG Analysis";
				FRAMEWORK_SEARCH_PATHS = (
					"$(SDKROOT)/Developer/Library/Frameworks",
					"$(inherited)",
					"$(DEVELOPER_FRAMEWORKS_DIR)",
				);
				GCC_PRECOMPILE_PREFIX_HEADER = YES;
				GCC_PREFIX_HEADER = "Muse EEG Analysis/Muse EEG Analysis-Prefix.pch";
				GCC_PREPROCESSOR_DEFINITIONS = (
					"DEBUG=1",
					"$(inherited)",
				);
				INFOPLIST_FILE = "Muse EEG AnalysisTests/Muse EEG AnalysisTests-Info.plist";
				PRODUCT_NAME = "$(TARGET_NAME)";
				TEST_HOST = "$(BUNDLE_LOADER)";
				WRAPPER_EXTENSION = xctest;
			};
			name = Debug;
		};
		621A8ABD1E9AC7F8007D0A12 /* Release */ = {
			isa = XCBuildConfiguration;
			baseConfigurationReference = 9752834625BBB8B9D3D5C220 /* Pods-Muse EEG AnalysisTests.release.xcconfig */;
			buildSettings = {
				BUNDLE_LOADER = "$(BUILT_PRODUCTS_DIR)/Muse EEG Analysis.app/Muse EEG Analysis";
				FRAMEWORK_SEARCH_PATHS = (
					"$(SDKROOT)/Developer/Library/Frameworks",
					"$(inherited)",
					"$(DEVELOPER_FRAMEWORKS_DIR)",
				);
				GCC_PRECOMPILE_PREFIX_HEADER = YES;
				GCC_PREFIX_HEADER = "Muse EEG Analysis/Muse EEG Analysis-Prefix.pch";
				INFOPLIST_FILE = "Muse EEG AnalysisTests/Muse EEG AnalysisTests-Info.plist";
				PRODUCT_NAME = "$(TARGET_NAME)";
				TEST_HOST = "$(BUNDLE_LOADER)";
				WRAPPER_EXTENSION = xctest;
			};
			name = Release;
		};
/* End XCBuildConfiguration section */

/* Begin XCConfigurationList section */
		621A8A7E1E9AC7F8007D0A12 /* Build configuration list for PBXProject "Muse EEG Analysis" */ = {
			isa = XCConfigurationList;
			buildConfigurations = (
				621A8AB61E9AC7F8007D0A12 /* Debug */,
				621A8AB71E9AC7F8007D0A12 /* Release */,
			);
			defaultConfigurationIsVisible = 0;
			defaultConfigurationName = Release;
		};
		621A8AB81E9AC7F8007D0A12 /* Build configuration list for PBXNativeTarget "Muse EEG Analysis" */ = {
			isa = XCConfigurationList;
			buildConfigurations = (
				621A8AB91E9AC7F8007D0A12 /* Debug */,
				621A8ABA1E9AC7F8007D0A12 /* Release */,
			);
			defaultConfigurationIsVisible = 0;
			defaultConfigurationName = Release;
		};
		621A8ABB1E9AC7F8007D0A12 /* Build configuration list for PBXNativeTarget "Muse EEG AnalysisTests" */ = {
			isa = XCConfigurationList;
			buildConfigurations = (
				621A8ABC1E9AC7F8007D0A12 /* Debug */,
				621A8ABD1E9AC7F8007D0A12 /* Release */,
			);
			defaultConfigurationIsVisible = 0;
			defaultConfigurationName = Release;
		};
/* End XCConfigurationList section */
	};
	rootObject = 621A8A7B1E9AC7F8007D0A12 /* Project object */;
}
